
Microsoft Visual Studio Solution File, Format Version 12.00
# Visual Studio Version 17
VisualStudioVersion = 17.12.35707.178 d17.12
MinimumVisualStudioVersion = 10.0.40219.1
Project("{FAE04EC0-301F-11D3-BF4B-00C04F79EFBC}") = "RegisseurEnFilm.API", "RegisseurEnFilm.API\RegisseurEnFilm.API.csproj", "{0D0C8D26-4AB4-43C4-AA1E-11E80BA9BCB5}"
EndProject
Project("{FAE04EC0-301F-11D3-BF4B-00C04F79EFBC}") = "RegisseurEnFilm.Domain", "RegisseurEnFilm.Domain\RegisseurEnFilm.Domain.csproj", "{39461F67-FFA6-4149-8494-7927DC1AAFEA}"
EndProject
Global
	GlobalSection(SolutionConfigurationPlatforms) = preSolution
		Debug|Any CPU = Debug|Any CPU
		Release|Any CPU = Release|Any CPU
	EndGlobalSection
	GlobalSection(ProjectConfigurationPlatforms) = postSolution
		{0D0C8D26-4AB4-43C4-AA1E-11E80BA9BCB5}.Debug|Any CPU.ActiveCfg = Debug|Any CPU
		{0D0C8D26-4AB4-43C4-AA1E-11E80BA9BCB5}.Debug|Any CPU.Build.0 = Debug|Any CPU
		{0D0C8D26-4AB4-43C4-AA1E-11E80BA9BCB5}.Release|Any CPU.ActiveCfg = Release|Any CPU
		{0D0C8D26-4AB4-43C4-AA1E-11E80BA9BCB5}.Release|Any CPU.Build.0 = Release|Any CPU
		{39461F67-FFA6-4149-8494-7927DC1AAFEA}.Debug|Any CPU.ActiveCfg = Debug|Any CPU
		{39461F67-FFA6-4149-8494-7927DC1AAFEA}.Debug|Any CPU.Build.0 = Debug|Any CPU
		{39461F67-FFA6-4149-8494-7927DC1AAFEA}.Release|Any CPU.ActiveCfg = Release|Any CPU
		{39461F67-FFA6-4149-8494-7927DC1AAFEA}.Release|Any CPU.Build.0 = Release|Any CPU
	EndGlobalSection
	GlobalSection(SolutionProperties) = preSolution
		HideSolutionNode = FALSE
	EndGlobalSection
EndGlobal
